
Microsoft Visual Studio Solution File, Format Version 12.00
# Visual Studio Version 16
VisualStudioVersion = 16.0.29418.71
MinimumVisualStudioVersion = 10.0.40219.1
Project("{FAE04EC0-301F-11D3-BF4B-00C04F79EFBC}") = "MovieTime", "MovieTime\MovieTime.csproj", "{CEF9966D-13F5-415F-9E3A-ED3F5A5ED78C}"
EndProject
Global
	GlobalSection(SolutionConfigurationPlatforms) = preSolution
		Debug|Any CPU = Debug|Any CPU
		Release|Any CPU = Release|Any CPU
	EndGlobalSection
	GlobalSection(ProjectConfigurationPlatforms) = postSolution
		{CEF9966D-13F5-415F-9E3A-ED3F5A5ED78C}.Debug|Any CPU.ActiveCfg = Debug|Any CPU
		{CEF9966D-13F5-415F-9E3A-ED3F5A5ED78C}.Debug|Any CPU.Build.0 = Debug|Any CPU
		{CEF9966D-13F5-415F-9E3A-ED3F5A5ED78C}.Release|Any CPU.ActiveCfg = Release|Any CPU
		{CEF9966D-13F5-415F-9E3A-ED3F5A5ED78C}.Release|Any CPU.Build.0 = Release|Any CPU
	EndGlobalSection
	GlobalSection(SolutionProperties) = preSolution
		HideSolutionNode = FALSE
	EndGlobalSection
	GlobalSection(ExtensibilityGlobals) = postSolution
		SolutionGuid = {D623A02E-9761-4DC4-98AF-6D6E69BA6C44}
	EndGlobalSection
EndGlobal
